
Microsoft Visual Studio Solution File, Format Version 12.00
# Visual Studio Version 17
VisualStudioVersion = 17.13.35825.156 d17.13
MinimumVisualStudioVersion = 10.0.40219.1
Project("{FAE04EC0-301F-11D3-BF4B-00C04F79EFBC}") = "CryptoTicker", "CryptoTicker\CryptoTicker.csproj", "{C00BBC47-37BB-4825-8CFB-9D1E9A626C33}"
EndProject
Project("{FAE04EC0-301F-11D3-BF4B-00C04F79EFBC}") = "Domain", "Domain\Domain.csproj", "{967A0CA4-37D7-4564-91FA-8A79243753EA}"
EndProject
Project("{FAE04EC0-301F-11D3-BF4B-00C04F79EFBC}") = "Service", "Service\Service.csproj", "{37DA84A6-6598-45E4-863C-AF1B4A713E9E}"
EndProject
Global
	GlobalSection(SolutionConfigurationPlatforms) = preSolution
		Debug|Any CPU = Debug|Any CPU
		Release|Any CPU = Release|Any CPU
	EndGlobalSection
	GlobalSection(ProjectConfigurationPlatforms) = postSolution
		{C00BBC47-37BB-4825-8CFB-9D1E9A626C33}.Debug|Any CPU.ActiveCfg = Debug|Any CPU
		{C00BBC47-37BB-4825-8CFB-9D1E9A626C33}.Debug|Any CPU.Build.0 = Debug|Any CPU
		{C00BBC47-37BB-4825-8CFB-9D1E9A626C33}.Release|Any CPU.ActiveCfg = Release|Any CPU
		{C00BBC47-37BB-4825-8CFB-9D1E9A626C33}.Release|Any CPU.Build.0 = Release|Any CPU
		{967A0CA4-37D7-4564-91FA-8A79243753EA}.Debug|Any CPU.ActiveCfg = Debug|Any CPU
		{967A0CA4-37D7-4564-91FA-8A79243753EA}.Debug|Any CPU.Build.0 = Debug|Any CPU
		{967A0CA4-37D7-4564-91FA-8A79243753EA}.Release|Any CPU.ActiveCfg = Release|Any CPU
		{967A0CA4-37D7-4564-91FA-8A79243753EA}.Release|Any CPU.Build.0 = Release|Any CPU
		{37DA84A6-6598-45E4-863C-AF1B4A713E9E}.Debug|Any CPU.ActiveCfg = Debug|Any CPU
		{37DA84A6-6598-45E4-863C-AF1B4A713E9E}.Debug|Any CPU.Build.0 = Debug|Any CPU
		{37DA84A6-6598-45E4-863C-AF1B4A713E9E}.Release|Any CPU.ActiveCfg = Release|Any CPU
		{37DA84A6-6598-45E4-863C-AF1B4A713E9E}.Release|Any CPU.Build.0 = Release|Any CPU
	EndGlobalSection
	GlobalSection(SolutionProperties) = preSolution
		HideSolutionNode = FALSE
	EndGlobalSection
	GlobalSection(ExtensibilityGlobals) = postSolution
		SolutionGuid = {6D100AD8-ECF1-4F4C-BF83-F14B93680A3C}
	EndGlobalSection
EndGlobal
